
Microsoft Visual Studio Solution File, Format Version 11.00
# Visual Studio 2010
Project("{FAE04EC0-301F-11D3-BF4B-00C04F79EFBC}") = "Assembly-CSharp", "Assembly-CSharp.csproj", "{7ECF8FB5-DCB7-D6D9-FE00-921D640EF8B1}"
EndProject
Project("{FAE04EC0-301F-11D3-BF4B-00C04F79EFBC}") = "Assembly-CSharp-Editor", "Assembly-CSharp-Editor.csproj", "{3D72D225-DE73-290D-5AA8-9F11D7AD711D}"
EndProject
Global
	GlobalSection(SolutionConfigurationPlatforms) = preSolution
		Debug|Any CPU = Debug|Any CPU
		Release|Any CPU = Release|Any CPU
	EndGlobalSection
	GlobalSection(ProjectConfigurationPlatforms) = postSolution
		{7ECF8FB5-DCB7-D6D9-FE00-921D640EF8B1}.Debug|Any CPU.ActiveCfg = Debug|Any CPU
		{7ECF8FB5-DCB7-D6D9-FE00-921D640EF8B1}.Debug|Any CPU.Build.0 = Debug|Any CPU
		{7ECF8FB5-DCB7-D6D9-FE00-921D640EF8B1}.Release|Any CPU.ActiveCfg = Release|Any CPU
		{7ECF8FB5-DCB7-D6D9-FE00-921D640EF8B1}.Release|Any CPU.Build.0 = Release|Any CPU
		{3D72D225-DE73-290D-5AA8-9F11D7AD711D}.Debug|Any CPU.ActiveCfg = Debug|Any CPU
		{3D72D225-DE73-290D-5AA8-9F11D7AD711D}.Debug|Any CPU.Build.0 = Debug|Any CPU
		{3D72D225-DE73-290D-5AA8-9F11D7AD711D}.Release|Any CPU.ActiveCfg = Release|Any CPU
		{3D72D225-DE73-290D-5AA8-9F11D7AD711D}.Release|Any CPU.Build.0 = Release|Any CPU
	EndGlobalSection
	GlobalSection(SolutionProperties) = preSolution
		HideSolutionNode = FALSE
	EndGlobalSection
EndGlobal
